<?xml version="1.0" encoding="utf-8"?>
<Project ToolsVersion="17.0" xmlns="http://schemas.microsoft.com/developer/msbuild/2003">
  <ItemGroup>
    <ClCompile Include="D:\qcjjsyx\Program File\CPP\Cmake\test\cgmath.cpp">
      <Filter>Source Files</Filter>
    </ClCompile>
  </ItemGroup>
  <ItemGroup>
    <CustomBuild Include="D:\qcjjsyx\Program File\CPP\Cmake\test\CMakeLists.txt" />
  </ItemGroup>
  <ItemGroup>
    <Filter Include="Source Files">
      <UniqueIdentifier>{4C58D7B0-D8F3-3B85-BD89-A127A1318119}</UniqueIdentifier>
    </Filter>
  </ItemGroup>
</Project>
