<?xml version="1.0" encoding="utf-8"?>
<Project ToolsVersion="17.0" xmlns="http://schemas.microsoft.com/developer/msbuild/2003">
  <ItemGroup>
    <CustomBuild Include="D:\qcjjsyx\Program File\CPP\Cmake\cmake_build\CMakeFiles\15f09295956e392c1c9e1cd6cec6a14f\Nightly.rule">
      <Filter>CMake Rules</Filter>
    </CustomBuild>
    <CustomBuild Include="D:\qcjjsyx\Program File\CPP\Cmake\test\CMakeLists.txt" />
  </ItemGroup>
  <ItemGroup>
    <None Include="D:\qcjjsyx\Program File\CPP\Cmake\cmake_build\test\CMakeFiles\Nightly" />
  </ItemGroup>
  <ItemGroup>
    <Filter Include="CMake Rules">
      <UniqueIdentifier>{7F8D530A-C8CE-32A7-BBB2-2DB4052D93C8}</UniqueIdentifier>
    </Filter>
  </ItemGroup>
</Project>
