<?xml version="1.0" encoding="utf-8"?>
<Project ToolsVersion="17.0" xmlns="http://schemas.microsoft.com/developer/msbuild/2003">
  <ItemGroup>
    <ClCompile Include="D:\qcjjsyx\Program File\CPP\Cmake\src\main.cpp">
      <Filter>Source Files</Filter>
    </ClCompile>
  </ItemGroup>
  <ItemGroup>
    <ClInclude Include="D:\qcjjsyx\Program File\CPP\Cmake\include\core\assert.hpp">
      <Filter>Header Files</Filter>
    </ClInclude>
    <ClInclude Include="D:\qcjjsyx\Program File\CPP\Cmake\include\core\log.hpp">
      <Filter>Header Files</Filter>
    </ClInclude>
    <ClInclude Include="D:\qcjjsyx\Program File\CPP\Cmake\include\core\cgmath.hpp">
      <Filter>Header Files</Filter>
    </ClInclude>
  </ItemGroup>
  <ItemGroup>
    <CustomBuild Include="D:\qcjjsyx\Program File\CPP\Cmake\CMakeLists.txt" />
  </ItemGroup>
  <ItemGroup>
    <Filter Include="Header Files">
      <UniqueIdentifier>{B7F48B4D-CC4E-32FB-9F9C-5473004D05A9}</UniqueIdentifier>
    </Filter>
    <Filter Include="Source Files">
      <UniqueIdentifier>{4C58D7B0-D8F3-3B85-BD89-A127A1318119}</UniqueIdentifier>
    </Filter>
  </ItemGroup>
</Project>
